
Microsoft Visual Studio Solution File, Format Version 12.00
# Visual Studio Version 16
VisualStudioVersion = 16.0.30413.136
MinimumVisualStudioVersion = 10.0.40219.1
Project("{FAE04EC0-301F-11D3-BF4B-00C04F79EFBC}") = "AspNetWebFormsApp", "AspNetWebFormsApp.csproj", "{ED24DF29-8A0D-4370-BA5F-5AAD74E4E622}"
EndProject
Global
	GlobalSection(SolutionConfigurationPlatforms) = preSolution
		Debug|Any CPU = Debug|Any CPU
		Release|Any CPU = Release|Any CPU
	EndGlobalSection
	GlobalSection(ProjectConfigurationPlatforms) = postSolution
		{ED24DF29-8A0D-4370-BA5F-5AAD74E4E622}.Debug|Any CPU.ActiveCfg = Debug|Any CPU
		{ED24DF29-8A0D-4370-BA5F-5AAD74E4E622}.Debug|Any CPU.Build.0 = Debug|Any CPU
		{ED24DF29-8A0D-4370-BA5F-5AAD74E4E622}.Release|Any CPU.ActiveCfg = Release|Any CPU
		{ED24DF29-8A0D-4370-BA5F-5AAD74E4E622}.Release|Any CPU.Build.0 = Release|Any CPU
	EndGlobalSection
	GlobalSection(SolutionProperties) = preSolution
		HideSolutionNode = FALSE
	EndGlobalSection
	GlobalSection(ExtensibilityGlobals) = postSolution
		SolutionGuid = {050755C0-D634-4F6C-90D3-1B066BB80A19}
	EndGlobalSection
EndGlobal
